
Microsoft Visual Studio Solution File, Format Version 12.00
# Visual Studio Version 17
VisualStudioVersion = 17.4.33110.190
MinimumVisualStudioVersion = 10.0.40219.1
Project("{FAE04EC0-301F-11D3-BF4B-00C04F79EFBC}") = "Sign_in", "Sign_in\Sign_in.csproj", "{0D5D5E66-A5E0-4BFD-9096-AFD6610B8775}"
EndProject
Global
	GlobalSection(SolutionConfigurationPlatforms) = preSolution
		Debug|Any CPU = Debug|Any CPU
		Release|Any CPU = Release|Any CPU
	EndGlobalSection
	GlobalSection(ProjectConfigurationPlatforms) = postSolution
		{0D5D5E66-A5E0-4BFD-9096-AFD6610B8775}.Debug|Any CPU.ActiveCfg = Debug|Any CPU
		{0D5D5E66-A5E0-4BFD-9096-AFD6610B8775}.Debug|Any CPU.Build.0 = Debug|Any CPU
		{0D5D5E66-A5E0-4BFD-9096-AFD6610B8775}.Release|Any CPU.ActiveCfg = Release|Any CPU
		{0D5D5E66-A5E0-4BFD-9096-AFD6610B8775}.Release|Any CPU.Build.0 = Release|Any CPU
	EndGlobalSection
	GlobalSection(SolutionProperties) = preSolution
		HideSolutionNode = FALSE
	EndGlobalSection
	GlobalSection(ExtensibilityGlobals) = postSolution
		SolutionGuid = {BD3AB9E4-B223-43DD-A992-45DAAD830D6E}
	EndGlobalSection
EndGlobal
